# This file is automatically @generated by Cargo.
# It is not intended for manual editing.
version = 4

[[package]]
name = "cvss"
version = "2.2.0"
source = "registry+https://github.com/rust-lang/crates.io-index"
checksum = "f7fb220d3ce1b565af39cee5b89e47fd8dd1dab162900ee4363c8ee4169ee8a2"

[[package]]
name = "vulnsig"
version = "1.3.0"
dependencies = [
 "cvss",
]
